
Microsoft Visual Studio Solution File, Format Version 12.00
# Visual Studio Version 17
VisualStudioVersion = 17.5.33424.131
MinimumVisualStudioVersion = 10.0.40219.1
Project("{FAE04EC0-301F-11D3-BF4B-00C04F79EFBC}") = "BlazorEcommerce.Server", "Server\BlazorEcommerce.Server.csproj", "{F17083BF-822A-4FD9-9B81-66F8AF9DCE9A}"
EndProject
Project("{FAE04EC0-301F-11D3-BF4B-00C04F79EFBC}") = "BlazorEcommerce.Client", "Client\BlazorEcommerce.Client.csproj", "{84063F34-D8B1-4DA5-8DDB-FE259BADB955}"
EndProject
Project("{FAE04EC0-301F-11D3-BF4B-00C04F79EFBC}") = "BlazorEcommerce.Shared", "Shared\BlazorEcommerce.Shared.csproj", "{33ECFC0C-B4B3-4D6B-90A7-99C5F054E867}"
EndProject
Project("{2150E333-8FDC-42A3-9474-1A3956D46DE8}") = "Solution Items", "Solution Items", "{C1585C0C-B438-4CBE-BD01-71F2C473BB97}"
	ProjectSection(SolutionItems) = preProject
		Step_by_Step.txt = Step_by_Step.txt
	EndProjectSection
EndProject
Global
	GlobalSection(SolutionConfigurationPlatforms) = preSolution
		Debug|Any CPU = Debug|Any CPU
		Release|Any CPU = Release|Any CPU
	EndGlobalSection
	GlobalSection(ProjectConfigurationPlatforms) = postSolution
		{F17083BF-822A-4FD9-9B81-66F8AF9DCE9A}.Debug|Any CPU.ActiveCfg = Debug|Any CPU
		{F17083BF-822A-4FD9-9B81-66F8AF9DCE9A}.Debug|Any CPU.Build.0 = Debug|Any CPU
		{F17083BF-822A-4FD9-9B81-66F8AF9DCE9A}.Release|Any CPU.ActiveCfg = Release|Any CPU
		{F17083BF-822A-4FD9-9B81-66F8AF9DCE9A}.Release|Any CPU.Build.0 = Release|Any CPU
		{84063F34-D8B1-4DA5-8DDB-FE259BADB955}.Debug|Any CPU.ActiveCfg = Debug|Any CPU
		{84063F34-D8B1-4DA5-8DDB-FE259BADB955}.Debug|Any CPU.Build.0 = Debug|Any CPU
		{84063F34-D8B1-4DA5-8DDB-FE259BADB955}.Release|Any CPU.ActiveCfg = Release|Any CPU
		{84063F34-D8B1-4DA5-8DDB-FE259BADB955}.Release|Any CPU.Build.0 = Release|Any CPU
		{33ECFC0C-B4B3-4D6B-90A7-99C5F054E867}.Debug|Any CPU.ActiveCfg = Debug|Any CPU
		{33ECFC0C-B4B3-4D6B-90A7-99C5F054E867}.Debug|Any CPU.Build.0 = Debug|Any CPU
		{33ECFC0C-B4B3-4D6B-90A7-99C5F054E867}.Release|Any CPU.ActiveCfg = Release|Any CPU
		{33ECFC0C-B4B3-4D6B-90A7-99C5F054E867}.Release|Any CPU.Build.0 = Release|Any CPU
	EndGlobalSection
	GlobalSection(SolutionProperties) = preSolution
		HideSolutionNode = FALSE
	EndGlobalSection
	GlobalSection(ExtensibilityGlobals) = postSolution
		SolutionGuid = {C8795CE3-B4E7-432D-8F4E-76AF85B1597E}
	EndGlobalSection
EndGlobal
